
Microsoft Visual Studio Solution File, Format Version 12.00
# Visual Studio 14
VisualStudioVersion = 14.0.25420.1
MinimumVisualStudioVersion = 10.0.40219.1
Project("{FAE04EC0-301F-11D3-BF4B-00C04F79EFBC}") = "Api", "Api\Api.csproj", "{7140E4D4-0F4F-4E86-A34B-39CB9D7EB7D3}"
EndProject
Project("{FAE04EC0-301F-11D3-BF4B-00C04F79EFBC}") = "Service", "Service\Service.csproj", "{CEA00E3D-BB4D-425E-8C22-6FCCAA47D6D7}"
EndProject
Project("{FAE04EC0-301F-11D3-BF4B-00C04F79EFBC}") = "Common", "Common\Common.csproj", "{ECD4EA9B-5E33-42F5-9262-DD3F1D47D726}"
EndProject
Project("{FAE04EC0-301F-11D3-BF4B-00C04F79EFBC}") = "TypeScript", "TypeScript\TypeScript.csproj", "{F51522A7-4625-4AC1-AD8E-60C7B48E49D4}"
EndProject
Global
	GlobalSection(SolutionConfigurationPlatforms) = preSolution
		Debug|Any CPU = Debug|Any CPU
		Release|Any CPU = Release|Any CPU
	EndGlobalSection
	GlobalSection(ProjectConfigurationPlatforms) = postSolution
		{7140E4D4-0F4F-4E86-A34B-39CB9D7EB7D3}.Debug|Any CPU.ActiveCfg = Debug|Any CPU
		{7140E4D4-0F4F-4E86-A34B-39CB9D7EB7D3}.Debug|Any CPU.Build.0 = Debug|Any CPU
		{7140E4D4-0F4F-4E86-A34B-39CB9D7EB7D3}.Release|Any CPU.ActiveCfg = Release|Any CPU
		{7140E4D4-0F4F-4E86-A34B-39CB9D7EB7D3}.Release|Any CPU.Build.0 = Release|Any CPU
		{CEA00E3D-BB4D-425E-8C22-6FCCAA47D6D7}.Debug|Any CPU.ActiveCfg = Debug|Any CPU
		{CEA00E3D-BB4D-425E-8C22-6FCCAA47D6D7}.Debug|Any CPU.Build.0 = Debug|Any CPU
		{CEA00E3D-BB4D-425E-8C22-6FCCAA47D6D7}.Release|Any CPU.ActiveCfg = Release|Any CPU
		{CEA00E3D-BB4D-425E-8C22-6FCCAA47D6D7}.Release|Any CPU.Build.0 = Release|Any CPU
		{ECD4EA9B-5E33-42F5-9262-DD3F1D47D726}.Debug|Any CPU.ActiveCfg = Debug|Any CPU
		{ECD4EA9B-5E33-42F5-9262-DD3F1D47D726}.Debug|Any CPU.Build.0 = Debug|Any CPU
		{ECD4EA9B-5E33-42F5-9262-DD3F1D47D726}.Release|Any CPU.ActiveCfg = Release|Any CPU
		{ECD4EA9B-5E33-42F5-9262-DD3F1D47D726}.Release|Any CPU.Build.0 = Release|Any CPU
		{F51522A7-4625-4AC1-AD8E-60C7B48E49D4}.Debug|Any CPU.ActiveCfg = Debug|Any CPU
		{F51522A7-4625-4AC1-AD8E-60C7B48E49D4}.Debug|Any CPU.Build.0 = Debug|Any CPU
		{F51522A7-4625-4AC1-AD8E-60C7B48E49D4}.Release|Any CPU.ActiveCfg = Release|Any CPU
		{F51522A7-4625-4AC1-AD8E-60C7B48E49D4}.Release|Any CPU.Build.0 = Release|Any CPU
	EndGlobalSection
	GlobalSection(SolutionProperties) = preSolution
		HideSolutionNode = FALSE
	EndGlobalSection
EndGlobal
